// !$*UTF8*$!
{
	archiveVersion = 1;
	classes = {
	};
	objectVersion = 48;
	objects = {

/* Begin PBXBuildFile section */
		B118EAB62016EA4900608D08 /* AppDelegate.m in Sources */ = {isa = PBXBuildFile; fileRef = B118EAB52016EA4900608D08 /* AppDelegate.m */; };
		B118EAB92016EA4900608D08 /* ViewController.m in Sources */ = {isa = PBXBuildFile; fileRef = B118EAB82016EA4900608D08 /* ViewController.m */; };
		B118EABC2016EA4900608D08 /* Main.storyboard in Resources */ = {isa = PBXBuildFile; fileRef = B118EABA2016EA4900608D08 /* Main.storyboard */; };
		B118EABE2016EA4900608D08 /* Assets.xcassets in Resources */ = {isa = PBXBuildFile; fileRef = B118EABD2016EA4900608D08 /* Assets.xcassets */; };
		B118EAC12016EA4900608D08 /* LaunchScreen.storyboard in Resources */ = {isa = PBXBuildFile; fileRef = B118EABF2016EA4900608D08 /* LaunchScreen.storyboard */; };
		B118EAC42016EA4900608D08 /* main.m in Sources */ = {isa = PBXBuildFile; fileRef = B118EAC32016EA4900608D08 /* main.m */; };
/* End PBXBuildFile section */

/* Begin PBXFileReference section */
		B118EAB12016EA4900608D08 /* 移动签章.app */ = {isa = PBXFileReference; explicitFileType = wrapper.application; includeInIndex = 0; path = "移动签章.app"; sourceTree = BUILT_PRODUCTS_DIR; };
		B118EAB42016EA4900608D08 /* AppDelegate.h */ = {isa = PBXFileReference; lastKnownFileType = sourcecode.c.h; path = AppDelegate.h; sourceTree = "<group>"; };
		B118EAB52016EA4900608D08 /* AppDelegate.m */ = {isa = PBXFileReference; lastKnownFileType = sourcecode.c.objc; path = AppDelegate.m; sourceTree = "<group>"; };
		B118EAB72016EA4900608D08 /* ViewController.h */ = {isa = PBXFileReference; lastKnownFileType = sourcecode.c.h; path = ViewController.h; sourceTree = "<group>"; };
		B118EAB82016EA4900608D08 /* ViewController.m */ = {isa = PBXFileReference; lastKnownFileType = sourcecode.c.objc; path = ViewController.m; sourceTree = "<group>"; };
		B118EABB2016EA4900608D08 /* Base */ = {isa = PBXFileReference; lastKnownFileType = file.storyboard; name = Base; path = Base.lproj/Main.storyboard; sourceTree = "<group>"; };
		B118EABD2016EA4900608D08 /* Assets.xcassets */ = {isa = PBXFileReference; lastKnownFileType = folder.assetcatalog; path = Assets.xcassets; sourceTree = "<group>"; };
		B118EAC02016EA4900608D08 /* Base */ = {isa = PBXFileReference; lastKnownFileType = file.storyboard; name = Base; path = Base.lproj/LaunchScreen.storyboard; sourceTree = "<group>"; };
		B118EAC22016EA4900608D08 /* Info.plist */ = {isa = PBXFileReference; lastKnownFileType = text.plist.xml; path = Info.plist; sourceTree = "<group>"; };
		B118EAC32016EA4900608D08 /* main.m */ = {isa = PBXFileReference; lastKnownFileType = sourcecode.c.objc; path = main.m; sourceTree = "<group>"; };
/* End PBXFileReference section */

/* Begin PBXFrameworksBuildPhase section */
		B118EAAE2016EA4900608D08 /* Frameworks */ = {
			isa = PBXFrameworksBuildPhase;
			buildActionMask = 2147483647;
			files = (
			);
			runOnlyForDeploymentPostprocessing = 0;
		};
/* End PBXFrameworksBuildPhase section */

/* Begin PBXGroup section */
		B118EAA82016EA4900608D08 = {
			isa = PBXGroup;
			children = (
				B118EAB32016EA4900608D08 /* 移动签章 */,
				B118EAB22016EA4900608D08 /* Products */,
			);
			sourceTree = "<group>";
		};
		B118EAB22016EA4900608D08 /* Products */ = {
			isa = PBXGroup;
			children = (
				B118EAB12016EA4900608D08 /* 移动签章.app */,
			);
			name = Products;
			sourceTree = "<group>";
		};
		B118EAB32016EA4900608D08 /* 移动签章 */ = {
			isa = PBXGroup;
			children = (
				B118EAB42016EA4900608D08 /* AppDelegate.h */,
				B118EAB52016EA4900608D08 /* AppDelegate.m */,
				B118EAB72016EA4900608D08 /* ViewController.h */,
				B118EAB82016EA4900608D08 /* ViewController.m */,
				B118EABA2016EA4900608D08 /* Main.storyboard */,
				B118EABD2016EA4900608D08 /* Assets.xcassets */,
				B118EABF2016EA4900608D08 /* LaunchScreen.storyboard */,
				B118EAC22016EA4900608D08 /* Info.plist */,
				B118EAC32016EA4900608D08 /* main.m */,
			);
			path = "移动签章";
			sourceTree = "<group>";
		};
/* End PBXGroup section */

/* Begin PBXNativeTarget section */
		B118EAB02016EA4900608D08 /* 移动签章 */ = {
			isa = PBXNativeTarget;
			buildConfigurationList = B118EAC72016EA4900608D08 /* Build configuration list for PBXNativeTarget "移动签章" */;
			buildPhases = (
				B118EAAD2016EA4900608D08 /* Sources */,
				B118EAAE2016EA4900608D08 /* Frameworks */,
				B118EAAF2016EA4900608D08 /* Resources */,
			);
			buildRules = (
			);
			dependencies = (
			);
			name = "移动签章";
			productName = "移动签章";
			productReference = B118EAB12016EA4900608D08 /* 移动签章.app */;
			productType = "com.apple.product-type.application";
		};
/* End PBXNativeTarget section */

/* Begin PBXProject section */
		B118EAA92016EA4900608D08 /* Project object */ = {
			isa = PBXProject;
			attributes = {
				LastUpgradeCheck = 0920;
				ORGANIZATIONNAME = "番茄";
				TargetAttributes = {
					B118EAB02016EA4900608D08 = {
						CreatedOnToolsVersion = 9.2;
						ProvisioningStyle = Automatic;
					};
				};
			};
			buildConfigurationList = B118EAAC2016EA4900608D08 /* Build configuration list for PBXProject "移动签章" */;
			compatibilityVersion = "Xcode 8.0";
			developmentRegion = en;
			hasScannedForEncodings = 0;
			knownRegions = (
				en,
				Base,
			);
			mainGroup = B118EAA82016EA4900608D08;
			productRefGroup = B118EAB22016EA4900608D08 /* Products */;
			projectDirPath = "";
			projectRoot = "";
			targets = (
				B118EAB02016EA4900608D08 /* 移动签章 */,
			);
		};
/* End PBXProject section */

/* Begin PBXResourcesBuildPhase section */
		B118EAAF2016EA4900608D08 /* Resources */ = {
			isa = PBXResourcesBuildPhase;
			buildActionMask = 2147483647;
			files = (
				B118EAC12016EA4900608D08 /* LaunchScreen.storyboard in Resources */,
				B118EABE2016EA4900608D08 /* Assets.xcassets in Resources */,
				B118EABC2016EA4900608D08 /* Main.storyboard in Resources */,
			);
			runOnlyForDeploymentPostprocessing = 0;
		};
/* End PBXResourcesBuildPhase section */

/* Begin PBXSourcesBuildPhase section */
		B118EAAD2016EA4900608D08 /* Sources */ = {
			isa = PBXSourcesBuildPhase;
			buildActionMask = 2147483647;
			files = (
				B118EAB92016EA4900608D08 /* ViewController.m in Sources */,
				B118EAC42016EA4900608D08 /* main.m in Sources */,
				B118EAB62016EA4900608D08 /* AppDelegate.m in Sources */,
			);
			runOnlyForDeploymentPostprocessing = 0;
		};
/* End PBXSourcesBuildPhase section */

/* Begin PBXVariantGroup section */
		B118EABA2016EA4900608D08 /* Main.storyboard */ = {
			isa = PBXVariantGroup;
			children = (
				B118EABB2016EA4900608D08 /* Base */,
			);
			name = Main.storyboard;
			sourceTree = "<group>";
		};
		B118EABF2016EA4900608D08 /* LaunchScreen.storyboard */ = {
			isa = PBXVariantGroup;
			children = (
				B118EAC02016EA4900608D08 /* Base */,
			);
			name = LaunchScreen.storyboard;
			sourceTree = "<group>";
		};
/* End PBXVariantGroup section */

/* Begin XCBuildConfiguration section */
		B118EAC52016EA4900608D08 /* Debug */ = {
			isa = XCBuildConfiguration;
			buildSettings = {
				ALWAYS_SEARCH_USER_PATHS = NO;
				CLANG_ANALYZER_NONNULL = YES;
				CLANG_ANALYZER_NUMBER_OBJECT_CONVERSION = YES_AGGRESSIVE;
				CLANG_CXX_LANGUAGE_STANDARD = "gnu++14";
				CLANG_CXX_LIBRARY = "libc++";
				CLANG_ENABLE_MODULES = YES;
				CLANG_ENABLE_OBJC_ARC = YES;
				CLANG_WARN_BLOCK_CAPTURE_AUTORELEASING = YES;
				CLANG_WARN_BOOL_CONVERSION = YES;
				CLANG_WARN_COMMA = YES;
				CLANG_WARN_CONSTANT_CONVERSION = YES;
				CLANG_WARN_DIRECT_OBJC_ISA_USAGE = YES_ERROR;
				CLANG_WARN_DOCUMENTATION_COMMENTS = YES;
				CLANG_WARN_EMPTY_BODY = YES;
				CLANG_WARN_ENUM_CONVERSION = YES;
				CLANG_WARN_INFINITE_RECURSION = YES;
				CLANG_WARN_INT_CONVERSION = YES;
				CLANG_WARN_NON_LITERAL_NULL_CONVERSION = YES;
				CLANG_WARN_OBJC_LITERAL_CONVERSION = YES;
				CLANG_WARN_OBJC_ROOT_CLASS = YES_ERROR;
				CLANG_WARN_RANGE_LOOP_ANALYSIS = YES;
				CLANG_WARN_STRICT_PROTOTYPES = YES;
				CLANG_WARN_SUSPICIOUS_MOVE = YES;
				CLANG_WARN_UNGUARDED_AVAILABILITY = YES_AGGRESSIVE;
				CLANG_WARN_UNREACHABLE_CODE = YES;
				CLANG_WARN__DUPLICATE_METHOD_MATCH = YES;
				CODE_SIGN_IDENTITY = "iPhone Developer";
				COPY_PHASE_STRIP = NO;
				DEBUG_INFORMATION_FORMAT = dwarf;
				ENABLE_STRICT_OBJC_MSGSEND = YES;
				ENABLE_TESTABILITY = YES;
				GCC_C_LANGUAGE_STANDARD = gnu11;
				GCC_DYNAMIC_NO_PIC = NO;
				GCC_NO_COMMON_BLOCKS = YES;
				GCC_OPTIMIZATION_LEVEL = 0;
				GCC_PREPROCESSOR_DEFINITIONS = (
					"DEBUG=1",
					"$(inherited)",
				);
				GCC_WARN_64_TO_32_BIT_CONVERSION = YES;
				GCC_WARN_ABOUT_RETURN_TYPE = YES_ERROR;
				GCC_WARN_UNDECLARED_SELECTOR = YES;
				GCC_WARN_UNINITIALIZED_AUTOS = YES_AGGRESSIVE;
				GCC_WARN_UNUSED_FUNCTION = YES;
				GCC_WARN_UNUSED_VARIABLE = YES;
				IPHONEOS_DEPLOYMENT_TARGET = 11.2;
				MTL_ENABLE_DEBUG_INFO = YES;
				ONLY_ACTIVE_ARCH = YES;
				SDKROOT = iphoneos;
			};
			name = Debug;
		};
		B118EAC62016EA4900608D08 /* Release */ = {
			isa = XCBuildConfiguration;
			buildSettings = {
				ALWAYS_SEARCH_USER_PATHS = NO;
				CLANG_ANALYZER_NONNULL = YES;
				CLANG_ANALYZER_NUMBER_OBJECT_CONVERSION = YES_AGGRESSIVE;
				CLANG_CXX_LANGUAGE_STANDARD = "gnu++14";
				CLANG_CXX_LIBRARY = "libc++";
				CLANG_ENABLE_MODULES = YES;
				CLANG_ENABLE_OBJC_ARC = YES;
				CLANG_WARN_BLOCK_CAPTURE_AUTORELEASING = YES;
				CLANG_WARN_BOOL_CONVERSION = YES;
				CLANG_WARN_COMMA = YES;
				CLANG_WARN_CONSTANT_CONVERSION = YES;
				CLANG_WARN_DIRECT_OBJC_ISA_USAGE = YES_ERROR;
				CLANG_WARN_DOCUMENTATION_COMMENTS = YES;
				CLANG_WARN_EMPTY_BODY = YES;
				CLANG_WARN_ENUM_CONVERSION = YES;
				CLANG_WARN_INFINITE_RECURSION = YES;
				CLANG_WARN_INT_CONVERSION = YES;
				CLANG_WARN_NON_LITERAL_NULL_CONVERSION = YES;
				CLANG_WARN_OBJC_LITERAL_CONVERSION = YES;
				CLANG_WARN_OBJC_ROOT_CLASS = YES_ERROR;
				CLANG_WARN_RANGE_LOOP_ANALYSIS = YES;
				CLANG_WARN_STRICT_PROTOTYPES = YES;
				CLANG_WARN_SUSPICIOUS_MOVE = YES;
				CLANG_WARN_UNGUARDED_AVAILABILITY = YES_AGGRESSIVE;
				CLANG_WARN_UNREACHABLE_CODE = YES;
				CLANG_WARN__DUPLICATE_METHOD_MATCH = YES;
				CODE_SIGN_IDENTITY = "iPhone Developer";
				COPY_PHASE_STRIP = NO;
				DEBUG_INFORMATION_FORMAT = "dwarf-with-dsym";
				ENABLE_NS_ASSERTIONS = NO;
				ENABLE_STRICT_OBJC_MSGSEND = YES;
				GCC_C_LANGUAGE_STANDARD = gnu11;
				GCC_NO_COMMON_BLOCKS = YES;
				GCC_WARN_64_TO_32_BIT_CONVERSION = YES;
				GCC_WARN_ABOUT_RETURN_TYPE = YES_ERROR;
				GCC_WARN_UNDECLARED_SELECTOR = YES;
				GCC_WARN_UNINITIALIZED_AUTOS = YES_AGGRESSIVE;
				GCC_WARN_UNUSED_FUNCTION = YES;
				GCC_WARN_UNUSED_VARIABLE = YES;
				IPHONEOS_DEPLOYMENT_TARGET = 11.2;
				MTL_ENABLE_DEBUG_INFO = NO;
				SDKROOT = iphoneos;
				VALIDATE_PRODUCT = YES;
			};
			name = Release;
		};
		B118EAC82016EA4900608D08 /* Debug */ = {
			isa = XCBuildConfiguration;
			buildSettings = {
				ASSETCATALOG_COMPILER_APPICON_NAME = AppIcon;
				CODE_SIGN_STYLE = Automatic;
				INFOPLIST_FILE = "移动签章/Info.plist";
				LD_RUNPATH_SEARCH_PATHS = "$(inherited) @executable_path/Frameworks";
				PRODUCT_BUNDLE_IDENTIFIER = "com.bw.----";
				PRODUCT_NAME = "$(TARGET_NAME)";
				TARGETED_DEVICE_FAMILY = "1,2";
			};
			name = Debug;
		};
		B118EAC92016EA4900608D08 /* Release */ = {
			isa = XCBuildConfiguration;
			buildSettings = {
				ASSETCATALOG_COMPILER_APPICON_NAME = AppIcon;
				CODE_SIGN_STYLE = Automatic;
				INFOPLIST_FILE = "移动签章/Info.plist";
				LD_RUNPATH_SEARCH_PATHS = "$(inherited) @executable_path/Frameworks";
				PRODUCT_BUNDLE_IDENTIFIER = "com.bw.----";
				PRODUCT_NAME = "$(TARGET_NAME)";
				TARGETED_DEVICE_FAMILY = "1,2";
			};
			name = Release;
		};
/* End XCBuildConfiguration section */

/* Begin XCConfigurationList section */
		B118EAAC2016EA4900608D08 /* Build configuration list for PBXProject "移动签章" */ = {
			isa = XCConfigurationList;
			buildConfigurations = (
				B118EAC52016EA4900608D08 /* Debug */,
				B118EAC62016EA4900608D08 /* Release */,
			);
			defaultConfigurationIsVisible = 0;
			defaultConfigurationName = Release;
		};
		B118EAC72016EA4900608D08 /* Build configuration list for PBXNativeTarget "移动签章" */ = {
			isa = XCConfigurationList;
			buildConfigurations = (
				B118EAC82016EA4900608D08 /* Debug */,
				B118EAC92016EA4900608D08 /* Release */,
			);
			defaultConfigurationIsVisible = 0;
			defaultConfigurationName = Release;
		};
/* End XCConfigurationList section */
	};
	rootObject = B118EAA92016EA4900608D08 /* Project object */;
}
